
Microsoft Visual Studio Solution File, Format Version 12.00
# Visual Studio 15
VisualStudioVersion = 15.0.28307.106
MinimumVisualStudioVersion = 10.0.40219.1
Project("{FAE04EC0-301F-11D3-BF4B-00C04F79EFBC}") = "Airports.Contract", "Airports.Contract\Airports.Contract.csproj", "{4811A1AC-EA91-4A2F-8022-92D020CFBFE9}"
EndProject
Project("{9A19103F-16F7-4668-BE54-9A1E7A4F7556}") = "Airports.Contract.Test", "Airports.Contract.Test\Airports.Contract.Test.csproj", "{60F6DACC-9B08-4164-8DC7-E5C275CB03AF}"
EndProject
Project("{9A19103F-16F7-4668-BE54-9A1E7A4F7556}") = "Airports.Service", "Airports.Service\Airports.Service.csproj", "{ABD9F39B-8041-4F5F-BE79-25E4E89AE563}"
EndProject
Project("{FAE04EC0-301F-11D3-BF4B-00C04F79EFBC}") = "Airports.Bll", "Airports.ApiProxy\Airports.Bll.csproj", "{F8B96008-80C7-4DFA-9805-A87854B2CED8}"
EndProject
Global
	GlobalSection(SolutionConfigurationPlatforms) = preSolution
		Debug|Any CPU = Debug|Any CPU
		Release|Any CPU = Release|Any CPU
	EndGlobalSection
	GlobalSection(ProjectConfigurationPlatforms) = postSolution
		{4811A1AC-EA91-4A2F-8022-92D020CFBFE9}.Debug|Any CPU.ActiveCfg = Debug|Any CPU
		{4811A1AC-EA91-4A2F-8022-92D020CFBFE9}.Debug|Any CPU.Build.0 = Debug|Any CPU
		{4811A1AC-EA91-4A2F-8022-92D020CFBFE9}.Release|Any CPU.ActiveCfg = Release|Any CPU
		{4811A1AC-EA91-4A2F-8022-92D020CFBFE9}.Release|Any CPU.Build.0 = Release|Any CPU
		{60F6DACC-9B08-4164-8DC7-E5C275CB03AF}.Debug|Any CPU.ActiveCfg = Debug|Any CPU
		{60F6DACC-9B08-4164-8DC7-E5C275CB03AF}.Debug|Any CPU.Build.0 = Debug|Any CPU
		{60F6DACC-9B08-4164-8DC7-E5C275CB03AF}.Release|Any CPU.ActiveCfg = Release|Any CPU
		{60F6DACC-9B08-4164-8DC7-E5C275CB03AF}.Release|Any CPU.Build.0 = Release|Any CPU
		{ABD9F39B-8041-4F5F-BE79-25E4E89AE563}.Debug|Any CPU.ActiveCfg = Debug|Any CPU
		{ABD9F39B-8041-4F5F-BE79-25E4E89AE563}.Debug|Any CPU.Build.0 = Debug|Any CPU
		{ABD9F39B-8041-4F5F-BE79-25E4E89AE563}.Release|Any CPU.ActiveCfg = Release|Any CPU
		{ABD9F39B-8041-4F5F-BE79-25E4E89AE563}.Release|Any CPU.Build.0 = Release|Any CPU
		{F8B96008-80C7-4DFA-9805-A87854B2CED8}.Debug|Any CPU.ActiveCfg = Debug|Any CPU
		{F8B96008-80C7-4DFA-9805-A87854B2CED8}.Debug|Any CPU.Build.0 = Debug|Any CPU
		{F8B96008-80C7-4DFA-9805-A87854B2CED8}.Release|Any CPU.ActiveCfg = Release|Any CPU
		{F8B96008-80C7-4DFA-9805-A87854B2CED8}.Release|Any CPU.Build.0 = Release|Any CPU
	EndGlobalSection
	GlobalSection(SolutionProperties) = preSolution
		HideSolutionNode = FALSE
	EndGlobalSection
	GlobalSection(ExtensibilityGlobals) = postSolution
		SolutionGuid = {3BA49665-D787-4A0C-A1E3-3D1AA1E7C4A4}
	EndGlobalSection
EndGlobal
